<?xml version="1.0" encoding="utf-8"?>
<Project ToolsVersion="4.0" xmlns="http://schemas.microsoft.com/developer/msbuild/2003">
  <ItemGroup>
    <Filter Include="src">
      <UniqueIdentifier>{2DAB880B-99B4-887C-2230-9F7C8E38947C}</UniqueIdentifier>
    </Filter>
    <Filter Include="src\RE">
      <UniqueIdentifier>{D34A661C-BFEC-90F2-A8A7-A44694E81743}</UniqueIdentifier>
    </Filter>
    <Filter Include="src\RE\Platform">
      <UniqueIdentifier>{87647D6D-F3EF-EA31-FC00-6E26680B4732}</UniqueIdentifier>
    </Filter>
    <Filter Include="src\RE\Platform\opengl">
      <UniqueIdentifier>{3BE8BD39-27E2-E68B-104F-7D9CFCE74CF8}</UniqueIdentifier>
    </Filter>
    <Filter Include="src\RE\Platform\windows">
      <UniqueIdentifier>{E13D96C9-4D75-DE60-567F-4284C235055A}</UniqueIdentifier>
    </Filter>
    <Filter Include="src\RE\Renderer">
      <UniqueIdentifier>{D96B5A48-45F7-C70C-4E08-4B01BA12240D}</UniqueIdentifier>
    </Filter>
    <Filter Include="vendor">
      <UniqueIdentifier>{B3738122-9F15-ACF8-88D0-BF4C74113349}</UniqueIdentifier>
    </Filter>
    <Filter Include="vendor\imgui">
      <UniqueIdentifier>{5D3BD0F0-499E-5F95-F223-984BDE652B18}</UniqueIdentifier>
    </Filter>
    <Filter Include="vendor\stb-image">
      <UniqueIdentifier>{9BB018E5-87A9-3737-B0DB-1CBC9C331743}</UniqueIdentifier>
    </Filter>
  </ItemGroup>
  <ItemGroup>
    <ClInclude Include="src\RE\Application.h">
      <Filter>src\RE</Filter>
    </ClInclude>
    <ClInclude Include="src\RE\EntryPoint.h">
      <Filter>src\RE</Filter>
    </ClInclude>
    <ClInclude Include="src\RE\Platform\opengl\opengl_VertexBuffer.h">
      <Filter>src\RE\Platform\opengl</Filter>
    </ClInclude>
    <ClInclude Include="src\RE\Platform\windows\WindowsWindow.h">
      <Filter>src\RE\Platform\windows</Filter>
    </ClInclude>
    <ClInclude Include="src\RE\Renderer\VertexBuffer.h">
      <Filter>src\RE\Renderer</Filter>
    </ClInclude>
    <ClInclude Include="src\RE\Window.h">
      <Filter>src\RE</Filter>
    </ClInclude>
    <ClInclude Include="src\RE\core.h">
      <Filter>src\RE</Filter>
    </ClInclude>
    <ClInclude Include="src\RE\repch.h">
      <Filter>src\RE</Filter>
    </ClInclude>
    <ClInclude Include="src\RaavanaEngine.h">
      <Filter>src</Filter>
    </ClInclude>
    <ClInclude Include="vendor\imgui\imconfig.h">
      <Filter>vendor\imgui</Filter>
    </ClInclude>
    <ClInclude Include="vendor\imgui\imgui.h">
      <Filter>vendor\imgui</Filter>
    </ClInclude>
    <ClInclude Include="vendor\imgui\imgui_impl_glfw.h">
      <Filter>vendor\imgui</Filter>
    </ClInclude>
    <ClInclude Include="vendor\imgui\imgui_impl_opengl3.h">
      <Filter>vendor\imgui</Filter>
    </ClInclude>
    <ClInclude Include="vendor\imgui\imgui_impl_opengl3_loader.h">
      <Filter>vendor\imgui</Filter>
    </ClInclude>
    <ClInclude Include="vendor\imgui\imgui_internal.h">
      <Filter>vendor\imgui</Filter>
    </ClInclude>
    <ClInclude Include="vendor\imgui\imstb_rectpack.h">
      <Filter>vendor\imgui</Filter>
    </ClInclude>
    <ClInclude Include="vendor\imgui\imstb_textedit.h">
      <Filter>vendor\imgui</Filter>
    </ClInclude>
    <ClInclude Include="vendor\imgui\imstb_truetype.h">
      <Filter>vendor\imgui</Filter>
    </ClInclude>
    <ClInclude Include="vendor\stb-image\stb_image.h">
      <Filter>vendor\stb-image</Filter>
    </ClInclude>
    <ClInclude Include="src\RE\Event\Event.h" />
    <ClInclude Include="src\RE\Event\KeyboardEvent.h" />
    <ClInclude Include="src\RE\Event\ApplicationEvent.h" />
    <ClInclude Include="src\RE\Event\MouseEvent.h" />
    <ClInclude Include="src\RE\Input\keycodes.h" />
  </ItemGroup>
  <ItemGroup>
    <ClCompile Include="src\RE\Application.cpp">
      <Filter>src\RE</Filter>
    </ClCompile>
    <ClCompile Include="src\RE\Platform\opengl\opengl_VertexBuffer.cpp">
      <Filter>src\RE\Platform\opengl</Filter>
    </ClCompile>
    <ClCompile Include="src\RE\Platform\windows\WindowsWindow.cpp">
      <Filter>src\RE\Platform\windows</Filter>
    </ClCompile>
    <ClCompile Include="src\RE\repch.cpp">
      <Filter>src\RE</Filter>
    </ClCompile>
    <ClCompile Include="vendor\imgui\imgui.cpp">
      <Filter>vendor\imgui</Filter>
    </ClCompile>
    <ClCompile Include="vendor\imgui\imgui_demo.cpp">
      <Filter>vendor\imgui</Filter>
    </ClCompile>
    <ClCompile Include="vendor\imgui\imgui_draw.cpp">
      <Filter>vendor\imgui</Filter>
    </ClCompile>
    <ClCompile Include="vendor\imgui\imgui_impl_glfw.cpp">
      <Filter>vendor\imgui</Filter>
    </ClCompile>
    <ClCompile Include="vendor\imgui\imgui_impl_opengl3.cpp">
      <Filter>vendor\imgui</Filter>
    </ClCompile>
    <ClCompile Include="vendor\imgui\imgui_tables.cpp">
      <Filter>vendor\imgui</Filter>
    </ClCompile>
    <ClCompile Include="vendor\imgui\imgui_widgets.cpp">
      <Filter>vendor\imgui</Filter>
    </ClCompile>
    <ClCompile Include="vendor\stb-image\stb_image.cpp">
      <Filter>vendor\stb-image</Filter>
    </ClCompile>
    <ClCompile Include="src\RE\Event\Event.cpp" />
    <ClCompile Include="src\RE\Event\KeyboardEvent.cpp" />
    <ClCompile Include="src\RE\Event\ApplicationEvent.cpp" />
    <ClCompile Include="src\RE\Event\MouseEvent.cpp" />
  </ItemGroup>
</Project>